
Microsoft Visual Studio Solution File, Format Version 12.00
# Visual Studio Version 17
VisualStudioVersion = 17.8.34408.163
MinimumVisualStudioVersion = 10.0.40219.1
Project("{9A19103F-16F7-4668-BE54-9A1E7A4F7556}") = "EMIAS", "EMIAS\EMIAS.csproj", "{5BDEED31-1017-4774-931F-A8DEE6FA72B3}"
EndProject
Project("{9A19103F-16F7-4668-BE54-9A1E7A4F7556}") = "API_Emias", "API_Emias\API_Emias.csproj", "{DF7C226E-E5EA-4714-8033-19F22C44E681}"
EndProject
Project("{FAE04EC0-301F-11D3-BF4B-00C04F79EFBC}") = "FrontEndComponents", "FrontEndComponents\FrontEndComponents.csproj", "{1894B25D-6F55-401C-B878-529121F82EB6}"
EndProject
Global
	GlobalSection(SolutionConfigurationPlatforms) = preSolution
		Debug|Any CPU = Debug|Any CPU
		Release|Any CPU = Release|Any CPU
	EndGlobalSection
	GlobalSection(ProjectConfigurationPlatforms) = postSolution
		{5BDEED31-1017-4774-931F-A8DEE6FA72B3}.Debug|Any CPU.ActiveCfg = Debug|Any CPU
		{5BDEED31-1017-4774-931F-A8DEE6FA72B3}.Debug|Any CPU.Build.0 = Debug|Any CPU
		{5BDEED31-1017-4774-931F-A8DEE6FA72B3}.Release|Any CPU.ActiveCfg = Release|Any CPU
		{5BDEED31-1017-4774-931F-A8DEE6FA72B3}.Release|Any CPU.Build.0 = Release|Any CPU
		{DF7C226E-E5EA-4714-8033-19F22C44E681}.Debug|Any CPU.ActiveCfg = Debug|Any CPU
		{DF7C226E-E5EA-4714-8033-19F22C44E681}.Debug|Any CPU.Build.0 = Debug|Any CPU
		{DF7C226E-E5EA-4714-8033-19F22C44E681}.Release|Any CPU.ActiveCfg = Release|Any CPU
		{DF7C226E-E5EA-4714-8033-19F22C44E681}.Release|Any CPU.Build.0 = Release|Any CPU
		{1894B25D-6F55-401C-B878-529121F82EB6}.Debug|Any CPU.ActiveCfg = Debug|Any CPU
		{1894B25D-6F55-401C-B878-529121F82EB6}.Debug|Any CPU.Build.0 = Debug|Any CPU
		{1894B25D-6F55-401C-B878-529121F82EB6}.Release|Any CPU.ActiveCfg = Release|Any CPU
		{1894B25D-6F55-401C-B878-529121F82EB6}.Release|Any CPU.Build.0 = Release|Any CPU
	EndGlobalSection
	GlobalSection(SolutionProperties) = preSolution
		HideSolutionNode = FALSE
	EndGlobalSection
	GlobalSection(ExtensibilityGlobals) = postSolution
		SolutionGuid = {C88C2387-DAE7-48CC-816C-1D91A300FFC9}
	EndGlobalSection
EndGlobal
